// !$*UTF8*$!
{
	archiveVersion = 1;
	classes = {
	};
	objectVersion = 55;
	objects = {

/* Begin PBXBuildFile section */
		59DB0DDD7D4B059E41991996 /* Pods_SampleAppDemoTests.framework in Frameworks */ = {isa = PBXBuildFile; fileRef = 24085C9E8E66F682A1461688 /* Pods_SampleAppDemoTests.framework */; };
		8F606EDDDCE8E0B4BD4A9A6D /* Pods_SampleAppDemo.framework in Frameworks */ = {isa = PBXBuildFile; fileRef = A77E30B4795217DCBBB9BF0E /* Pods_SampleAppDemo.framework */; };
		D05FDD6C97DD9A40BC31D33B /* Pods_SampleAppDemo_SampleAppDemoUITests.framework in Frameworks */ = {isa = PBXBuildFile; fileRef = 66F847008667BAB3215571A7 /* Pods_SampleAppDemo_SampleAppDemoUITests.framework */; };
		DC1A1F962964DA3C007FDFCE /* User.swift in Sources */ = {isa = PBXBuildFile; fileRef = DC1A1F952964DA3C007FDFCE /* User.swift */; };
		DC1A1F982964F3B9007FDFCE /* Comment.swift in Sources */ = {isa = PBXBuildFile; fileRef = DC1A1F972964F3B9007FDFCE /* Comment.swift */; };
		DC1A1F9C2964F9D7007FDFCE /* CommentsTableViewCell.swift in Sources */ = {isa = PBXBuildFile; fileRef = DC1A1F9A2964F9D7007FDFCE /* CommentsTableViewCell.swift */; };
		DC1A1F9D2964F9D7007FDFCE /* CommentsTableViewCell.xib in Resources */ = {isa = PBXBuildFile; fileRef = DC1A1F9B2964F9D7007FDFCE /* CommentsTableViewCell.xib */; };
		DC8D95DC2963A20C0000B049 /* AppDelegate.swift in Sources */ = {isa = PBXBuildFile; fileRef = DC8D95DB2963A20C0000B049 /* AppDelegate.swift */; };
		DC8D95DE2963A20C0000B049 /* SceneDelegate.swift in Sources */ = {isa = PBXBuildFile; fileRef = DC8D95DD2963A20C0000B049 /* SceneDelegate.swift */; };
		DC8D95E32963A20C0000B049 /* Main.storyboard in Resources */ = {isa = PBXBuildFile; fileRef = DC8D95E12963A20C0000B049 /* Main.storyboard */; };
		DC8D95E62963A20C0000B049 /* SampleAppDemo.xcdatamodeld in Sources */ = {isa = PBXBuildFile; fileRef = DC8D95E42963A20C0000B049 /* SampleAppDemo.xcdatamodeld */; };
		DC8D95E82963A20C0000B049 /* Assets.xcassets in Resources */ = {isa = PBXBuildFile; fileRef = DC8D95E72963A20C0000B049 /* Assets.xcassets */; };
		DC8D95EB2963A20C0000B049 /* LaunchScreen.storyboard in Resources */ = {isa = PBXBuildFile; fileRef = DC8D95E92963A20C0000B049 /* LaunchScreen.storyboard */; };
		DC8D95F62963A20D0000B049 /* SampleAppDemoTests.swift in Sources */ = {isa = PBXBuildFile; fileRef = DC8D95F52963A20D0000B049 /* SampleAppDemoTests.swift */; };
		DC8D96002963A20D0000B049 /* SampleAppDemoUITests.swift in Sources */ = {isa = PBXBuildFile; fileRef = DC8D95FF2963A20D0000B049 /* SampleAppDemoUITests.swift */; };
		DC8D96022963A20D0000B049 /* SampleAppDemoUITestsLaunchTests.swift in Sources */ = {isa = PBXBuildFile; fileRef = DC8D96012963A20D0000B049 /* SampleAppDemoUITestsLaunchTests.swift */; };
		DCC4988F2963A64600040838 /* HomeViewController.swift in Sources */ = {isa = PBXBuildFile; fileRef = DCC4988E2963A64600040838 /* HomeViewController.swift */; };
		DCC498912963A65400040838 /* HomeViewModel.swift in Sources */ = {isa = PBXBuildFile; fileRef = DCC498902963A65400040838 /* HomeViewModel.swift */; };
		DCC498942963A66C00040838 /* DetailsViewController.swift in Sources */ = {isa = PBXBuildFile; fileRef = DCC498932963A66C00040838 /* DetailsViewController.swift */; };
		DCC498962963A67700040838 /* DetailsViewModel.swift in Sources */ = {isa = PBXBuildFile; fileRef = DCC498952963A67700040838 /* DetailsViewModel.swift */; };
		DCC498992963AB8B00040838 /* API.swift in Sources */ = {isa = PBXBuildFile; fileRef = DCC498982963AB8B00040838 /* API.swift */; };
		DCC4989B2963AB9A00040838 /* APIService.swift in Sources */ = {isa = PBXBuildFile; fileRef = DCC4989A2963AB9A00040838 /* APIService.swift */; };
		DCC4989D2963AC7800040838 /* Constants.swift in Sources */ = {isa = PBXBuildFile; fileRef = DCC4989C2963AC7800040838 /* Constants.swift */; };
		DCC4989F2963AEEB00040838 /* Mapper.swift in Sources */ = {isa = PBXBuildFile; fileRef = DCC4989E2963AEEB00040838 /* Mapper.swift */; };
		DCC498A32963B23200040838 /* Post.swift in Sources */ = {isa = PBXBuildFile; fileRef = DCC498A22963B23200040838 /* Post.swift */; };
		DCC498A72963E52100040838 /* Observable.swift in Sources */ = {isa = PBXBuildFile; fileRef = DCC498A62963E52100040838 /* Observable.swift */; };
		DCC498AA2963EA6A00040838 /* HomeTableViewCell.swift in Sources */ = {isa = PBXBuildFile; fileRef = DCC498A82963EA6A00040838 /* HomeTableViewCell.swift */; };
		DCC498AB2963EA6A00040838 /* HomeTableViewCell.xib in Resources */ = {isa = PBXBuildFile; fileRef = DCC498A92963EA6A00040838 /* HomeTableViewCell.xib */; };
		DCC498AD2963EB1F00040838 /* Extensions.swift in Sources */ = {isa = PBXBuildFile; fileRef = DCC498AC2963EB1F00040838 /* Extensions.swift */; };
/* End PBXBuildFile section */

/* Begin PBXContainerItemProxy section */
		DC8D95F22963A20D0000B049 /* PBXContainerItemProxy */ = {
			isa = PBXContainerItemProxy;
			containerPortal = DC8D95D02963A20C0000B049 /* Project object */;
			proxyType = 1;
			remoteGlobalIDString = DC8D95D72963A20C0000B049;
			remoteInfo = SampleAppDemo;
		};
		DC8D95FC2963A20D0000B049 /* PBXContainerItemProxy */ = {
			isa = PBXContainerItemProxy;
			containerPortal = DC8D95D02963A20C0000B049 /* Project object */;
			proxyType = 1;
			remoteGlobalIDString = DC8D95D72963A20C0000B049;
			remoteInfo = SampleAppDemo;
		};
/* End PBXContainerItemProxy section */

/* Begin PBXFileReference section */
		214B3A35A9EC6EDDF6A9A0F9 /* Pods-SampleAppDemoTests.release.xcconfig */ = {isa = PBXFileReference; includeInIndex = 1; lastKnownFileType = text.xcconfig; name = "Pods-SampleAppDemoTests.release.xcconfig"; path = "Target Support Files/Pods-SampleAppDemoTests/Pods-SampleAppDemoTests.release.xcconfig"; sourceTree = "<group>"; };
		22EEDA8382AC73AC2C04FA42 /* Pods-SampleAppDemo-SampleAppDemoUITests.release.xcconfig */ = {isa = PBXFileReference; includeInIndex = 1; lastKnownFileType = text.xcconfig; name = "Pods-SampleAppDemo-SampleAppDemoUITests.release.xcconfig"; path = "Target Support Files/Pods-SampleAppDemo-SampleAppDemoUITests/Pods-SampleAppDemo-SampleAppDemoUITests.release.xcconfig"; sourceTree = "<group>"; };
		24085C9E8E66F682A1461688 /* Pods_SampleAppDemoTests.framework */ = {isa = PBXFileReference; explicitFileType = wrapper.framework; includeInIndex = 0; path = Pods_SampleAppDemoTests.framework; sourceTree = BUILT_PRODUCTS_DIR; };
		457C77792A7ECEF26C9D4319 /* Pods-SampleAppDemoTests.debug.xcconfig */ = {isa = PBXFileReference; includeInIndex = 1; lastKnownFileType = text.xcconfig; name = "Pods-SampleAppDemoTests.debug.xcconfig"; path = "Target Support Files/Pods-SampleAppDemoTests/Pods-SampleAppDemoTests.debug.xcconfig"; sourceTree = "<group>"; };
		66F847008667BAB3215571A7 /* Pods_SampleAppDemo_SampleAppDemoUITests.framework */ = {isa = PBXFileReference; explicitFileType = wrapper.framework; includeInIndex = 0; path = Pods_SampleAppDemo_SampleAppDemoUITests.framework; sourceTree = BUILT_PRODUCTS_DIR; };
		A77E30B4795217DCBBB9BF0E /* Pods_SampleAppDemo.framework */ = {isa = PBXFileReference; explicitFileType = wrapper.framework; includeInIndex = 0; path = Pods_SampleAppDemo.framework; sourceTree = BUILT_PRODUCTS_DIR; };
		B1F837E3B3ABCF551942FAB3 /* Pods-SampleAppDemo-SampleAppDemoUITests.debug.xcconfig */ = {isa = PBXFileReference; includeInIndex = 1; lastKnownFileType = text.xcconfig; name = "Pods-SampleAppDemo-SampleAppDemoUITests.debug.xcconfig"; path = "Target Support Files/Pods-SampleAppDemo-SampleAppDemoUITests/Pods-SampleAppDemo-SampleAppDemoUITests.debug.xcconfig"; sourceTree = "<group>"; };
		C8A8452D39BC870DE93496E1 /* Pods-SampleAppDemo.debug.xcconfig */ = {isa = PBXFileReference; includeInIndex = 1; lastKnownFileType = text.xcconfig; name = "Pods-SampleAppDemo.debug.xcconfig"; path = "Target Support Files/Pods-SampleAppDemo/Pods-SampleAppDemo.debug.xcconfig"; sourceTree = "<group>"; };
		DC1A1F952964DA3C007FDFCE /* User.swift */ = {isa = PBXFileReference; lastKnownFileType = sourcecode.swift; path = User.swift; sourceTree = "<group>"; };
		DC1A1F972964F3B9007FDFCE /* Comment.swift */ = {isa = PBXFileReference; lastKnownFileType = sourcecode.swift; path = Comment.swift; sourceTree = "<group>"; };
		DC1A1F9A2964F9D7007FDFCE /* CommentsTableViewCell.swift */ = {isa = PBXFileReference; lastKnownFileType = sourcecode.swift; path = CommentsTableViewCell.swift; sourceTree = "<group>"; };
		DC1A1F9B2964F9D7007FDFCE /* CommentsTableViewCell.xib */ = {isa = PBXFileReference; lastKnownFileType = file.xib; path = CommentsTableViewCell.xib; sourceTree = "<group>"; };
		DC8D95D82963A20C0000B049 /* SampleAppDemo.app */ = {isa = PBXFileReference; explicitFileType = wrapper.application; includeInIndex = 0; path = SampleAppDemo.app; sourceTree = BUILT_PRODUCTS_DIR; };
		DC8D95DB2963A20C0000B049 /* AppDelegate.swift */ = {isa = PBXFileReference; lastKnownFileType = sourcecode.swift; path = AppDelegate.swift; sourceTree = "<group>"; };
		DC8D95DD2963A20C0000B049 /* SceneDelegate.swift */ = {isa = PBXFileReference; lastKnownFileType = sourcecode.swift; path = SceneDelegate.swift; sourceTree = "<group>"; };
		DC8D95E22963A20C0000B049 /* Base */ = {isa = PBXFileReference; lastKnownFileType = file.storyboard; name = Base; path = Base.lproj/Main.storyboard; sourceTree = "<group>"; };
		DC8D95E52963A20C0000B049 /* SampleAppDemo.xcdatamodel */ = {isa = PBXFileReference; lastKnownFileType = wrapper.xcdatamodel; path = SampleAppDemo.xcdatamodel; sourceTree = "<group>"; };
		DC8D95E72963A20C0000B049 /* Assets.xcassets */ = {isa = PBXFileReference; lastKnownFileType = folder.assetcatalog; path = Assets.xcassets; sourceTree = "<group>"; };
		DC8D95EA2963A20C0000B049 /* Base */ = {isa = PBXFileReference; lastKnownFileType = file.storyboard; name = Base; path = Base.lproj/LaunchScreen.storyboard; sourceTree = "<group>"; };
		DC8D95EC2963A20C0000B049 /* Info.plist */ = {isa = PBXFileReference; lastKnownFileType = text.plist.xml; path = Info.plist; sourceTree = "<group>"; };
		DC8D95F12963A20D0000B049 /* SampleAppDemoTests.xctest */ = {isa = PBXFileReference; explicitFileType = wrapper.cfbundle; includeInIndex = 0; path = SampleAppDemoTests.xctest; sourceTree = BUILT_PRODUCTS_DIR; };
		DC8D95F52963A20D0000B049 /* SampleAppDemoTests.swift */ = {isa = PBXFileReference; lastKnownFileType = sourcecode.swift; path = SampleAppDemoTests.swift; sourceTree = "<group>"; };
		DC8D95FB2963A20D0000B049 /* SampleAppDemoUITests.xctest */ = {isa = PBXFileReference; explicitFileType = wrapper.cfbundle; includeInIndex = 0; path = SampleAppDemoUITests.xctest; sourceTree = BUILT_PRODUCTS_DIR; };
		DC8D95FF2963A20D0000B049 /* SampleAppDemoUITests.swift */ = {isa = PBXFileReference; lastKnownFileType = sourcecode.swift; path = SampleAppDemoUITests.swift; sourceTree = "<group>"; };
		DC8D96012963A20D0000B049 /* SampleAppDemoUITestsLaunchTests.swift */ = {isa = PBXFileReference; lastKnownFileType = sourcecode.swift; path = SampleAppDemoUITestsLaunchTests.swift; sourceTree = "<group>"; };
		DCC4988E2963A64600040838 /* HomeViewController.swift */ = {isa = PBXFileReference; lastKnownFileType = sourcecode.swift; path = HomeViewController.swift; sourceTree = "<group>"; };
		DCC498902963A65400040838 /* HomeViewModel.swift */ = {isa = PBXFileReference; lastKnownFileType = sourcecode.swift; path = HomeViewModel.swift; sourceTree = "<group>"; };
		DCC498932963A66C00040838 /* DetailsViewController.swift */ = {isa = PBXFileReference; lastKnownFileType = sourcecode.swift; path = DetailsViewController.swift; sourceTree = "<group>"; };
		DCC498952963A67700040838 /* DetailsViewModel.swift */ = {isa = PBXFileReference; lastKnownFileType = sourcecode.swift; path = DetailsViewModel.swift; sourceTree = "<group>"; };
		DCC498982963AB8B00040838 /* API.swift */ = {isa = PBXFileReference; lastKnownFileType = sourcecode.swift; path = API.swift; sourceTree = "<group>"; };
		DCC4989A2963AB9A00040838 /* APIService.swift */ = {isa = PBXFileReference; lastKnownFileType = sourcecode.swift; path = APIService.swift; sourceTree = "<group>"; };
		DCC4989C2963AC7800040838 /* Constants.swift */ = {isa = PBXFileReference; lastKnownFileType = sourcecode.swift; path = Constants.swift; sourceTree = "<group>"; };
		DCC4989E2963AEEB00040838 /* Mapper.swift */ = {isa = PBXFileReference; lastKnownFileType = sourcecode.swift; path = Mapper.swift; sourceTree = "<group>"; };
		DCC498A22963B23200040838 /* Post.swift */ = {isa = PBXFileReference; lastKnownFileType = sourcecode.swift; path = Post.swift; sourceTree = "<group>"; };
		DCC498A62963E52100040838 /* Observable.swift */ = {isa = PBXFileReference; lastKnownFileType = sourcecode.swift; path = Observable.swift; sourceTree = "<group>"; };
		DCC498A82963EA6A00040838 /* HomeTableViewCell.swift */ = {isa = PBXFileReference; lastKnownFileType = sourcecode.swift; path = HomeTableViewCell.swift; sourceTree = "<group>"; };
		DCC498A92963EA6A00040838 /* HomeTableViewCell.xib */ = {isa = PBXFileReference; lastKnownFileType = file.xib; path = HomeTableViewCell.xib; sourceTree = "<group>"; };
		DCC498AC2963EB1F00040838 /* Extensions.swift */ = {isa = PBXFileReference; lastKnownFileType = sourcecode.swift; path = Extensions.swift; sourceTree = "<group>"; };
		FAC227316557238893A5933B /* Pods-SampleAppDemo.release.xcconfig */ = {isa = PBXFileReference; includeInIndex = 1; lastKnownFileType = text.xcconfig; name = "Pods-SampleAppDemo.release.xcconfig"; path = "Target Support Files/Pods-SampleAppDemo/Pods-SampleAppDemo.release.xcconfig"; sourceTree = "<group>"; };
/* End PBXFileReference section */

/* Begin PBXFrameworksBuildPhase section */
		DC8D95D52963A20C0000B049 /* Frameworks */ = {
			isa = PBXFrameworksBuildPhase;
			buildActionMask = 2147483647;
			files = (
				8F606EDDDCE8E0B4BD4A9A6D /* Pods_SampleAppDemo.framework in Frameworks */,
			);
			runOnlyForDeploymentPostprocessing = 0;
		};
		DC8D95EE2963A20D0000B049 /* Frameworks */ = {
			isa = PBXFrameworksBuildPhase;
			buildActionMask = 2147483647;
			files = (
				59DB0DDD7D4B059E41991996 /* Pods_SampleAppDemoTests.framework in Frameworks */,
			);
			runOnlyForDeploymentPostprocessing = 0;
		};
		DC8D95F82963A20D0000B049 /* Frameworks */ = {
			isa = PBXFrameworksBuildPhase;
			buildActionMask = 2147483647;
			files = (
				D05FDD6C97DD9A40BC31D33B /* Pods_SampleAppDemo_SampleAppDemoUITests.framework in Frameworks */,
			);
			runOnlyForDeploymentPostprocessing = 0;
		};
/* End PBXFrameworksBuildPhase section */

/* Begin PBXGroup section */
		2485C94C135DFC2E24161260 /* Frameworks */ = {
			isa = PBXGroup;
			children = (
				A77E30B4795217DCBBB9BF0E /* Pods_SampleAppDemo.framework */,
				66F847008667BAB3215571A7 /* Pods_SampleAppDemo_SampleAppDemoUITests.framework */,
				24085C9E8E66F682A1461688 /* Pods_SampleAppDemoTests.framework */,
			);
			name = Frameworks;
			sourceTree = "<group>";
		};
		3B2388DC9A086485AA7BEB21 /* Pods */ = {
			isa = PBXGroup;
			children = (
				C8A8452D39BC870DE93496E1 /* Pods-SampleAppDemo.debug.xcconfig */,
				FAC227316557238893A5933B /* Pods-SampleAppDemo.release.xcconfig */,
				B1F837E3B3ABCF551942FAB3 /* Pods-SampleAppDemo-SampleAppDemoUITests.debug.xcconfig */,
				22EEDA8382AC73AC2C04FA42 /* Pods-SampleAppDemo-SampleAppDemoUITests.release.xcconfig */,
				457C77792A7ECEF26C9D4319 /* Pods-SampleAppDemoTests.debug.xcconfig */,
				214B3A35A9EC6EDDF6A9A0F9 /* Pods-SampleAppDemoTests.release.xcconfig */,
			);
			path = Pods;
			sourceTree = "<group>";
		};
		DC1A1F992964F9BE007FDFCE /* CommentsCell */ = {
			isa = PBXGroup;
			children = (
				DC1A1F9A2964F9D7007FDFCE /* CommentsTableViewCell.swift */,
				DC1A1F9B2964F9D7007FDFCE /* CommentsTableViewCell.xib */,
			);
			path = CommentsCell;
			sourceTree = "<group>";
		};
		DC8D95CF2963A20C0000B049 = {
			isa = PBXGroup;
			children = (
				DC8D95DA2963A20C0000B049 /* SampleAppDemo */,
				DC8D95F42963A20D0000B049 /* SampleAppDemoTests */,
				DC8D95FE2963A20D0000B049 /* SampleAppDemoUITests */,
				DC8D95D92963A20C0000B049 /* Products */,
				3B2388DC9A086485AA7BEB21 /* Pods */,
				2485C94C135DFC2E24161260 /* Frameworks */,
			);
			sourceTree = "<group>";
		};
		DC8D95D92963A20C0000B049 /* Products */ = {
			isa = PBXGroup;
			children = (
				DC8D95D82963A20C0000B049 /* SampleAppDemo.app */,
				DC8D95F12963A20D0000B049 /* SampleAppDemoTests.xctest */,
				DC8D95FB2963A20D0000B049 /* SampleAppDemoUITests.xctest */,
			);
			name = Products;
			sourceTree = "<group>";
		};
		DC8D95DA2963A20C0000B049 /* SampleAppDemo */ = {
			isa = PBXGroup;
			children = (
				DCC498A52963E51000040838 /* Misc */,
				DCC498972963AB7B00040838 /* Network */,
				DCC4988C2963A5FC00040838 /* Models */,
				DCC4988B2963A5F100040838 /* Views */,
				DC8D95DB2963A20C0000B049 /* AppDelegate.swift */,
				DC8D95DD2963A20C0000B049 /* SceneDelegate.swift */,
				DC8D95E12963A20C0000B049 /* Main.storyboard */,
				DC8D95E72963A20C0000B049 /* Assets.xcassets */,
				DC8D95E92963A20C0000B049 /* LaunchScreen.storyboard */,
				DC8D95EC2963A20C0000B049 /* Info.plist */,
				DC8D95E42963A20C0000B049 /* SampleAppDemo.xcdatamodeld */,
			);
			path = SampleAppDemo;
			sourceTree = "<group>";
		};
		DC8D95F42963A20D0000B049 /* SampleAppDemoTests */ = {
			isa = PBXGroup;
			children = (
				DC8D95F52963A20D0000B049 /* SampleAppDemoTests.swift */,
			);
			path = SampleAppDemoTests;
			sourceTree = "<group>";
		};
		DC8D95FE2963A20D0000B049 /* SampleAppDemoUITests */ = {
			isa = PBXGroup;
			children = (
				DC8D95FF2963A20D0000B049 /* SampleAppDemoUITests.swift */,
				DC8D96012963A20D0000B049 /* SampleAppDemoUITestsLaunchTests.swift */,
			);
			path = SampleAppDemoUITests;
			sourceTree = "<group>";
		};
		DCC4988B2963A5F100040838 /* Views */ = {
			isa = PBXGroup;
			children = (
				DCC498922963A65C00040838 /* Details */,
				DCC4988D2963A61500040838 /* Home */,
			);
			path = Views;
			sourceTree = "<group>";
		};
		DCC4988C2963A5FC00040838 /* Models */ = {
			isa = PBXGroup;
			children = (
				DCC498A22963B23200040838 /* Post.swift */,
				DC1A1F952964DA3C007FDFCE /* User.swift */,
				DC1A1F972964F3B9007FDFCE /* Comment.swift */,
			);
			path = Models;
			sourceTree = "<group>";
		};
		DCC4988D2963A61500040838 /* Home */ = {
			isa = PBXGroup;
			children = (
				DCC498A42963BC9D00040838 /* HomeCell */,
				DCC4988E2963A64600040838 /* HomeViewController.swift */,
				DCC498902963A65400040838 /* HomeViewModel.swift */,
			);
			path = Home;
			sourceTree = "<group>";
		};
		DCC498922963A65C00040838 /* Details */ = {
			isa = PBXGroup;
			children = (
				DC1A1F992964F9BE007FDFCE /* CommentsCell */,
				DCC498932963A66C00040838 /* DetailsViewController.swift */,
				DCC498952963A67700040838 /* DetailsViewModel.swift */,
			);
			path = Details;
			sourceTree = "<group>";
		};
		DCC498972963AB7B00040838 /* Network */ = {
			isa = PBXGroup;
			children = (
				DCC498982963AB8B00040838 /* API.swift */,
				DCC4989A2963AB9A00040838 /* APIService.swift */,
				DCC4989E2963AEEB00040838 /* Mapper.swift */,
			);
			path = Network;
			sourceTree = "<group>";
		};
		DCC498A42963BC9D00040838 /* HomeCell */ = {
			isa = PBXGroup;
			children = (
				DCC498A82963EA6A00040838 /* HomeTableViewCell.swift */,
				DCC498A92963EA6A00040838 /* HomeTableViewCell.xib */,
			);
			path = HomeCell;
			sourceTree = "<group>";
		};
		DCC498A52963E51000040838 /* Misc */ = {
			isa = PBXGroup;
			children = (
				DCC4989C2963AC7800040838 /* Constants.swift */,
				DCC498A62963E52100040838 /* Observable.swift */,
				DCC498AC2963EB1F00040838 /* Extensions.swift */,
			);
			path = Misc;
			sourceTree = "<group>";
		};
/* End PBXGroup section */

/* Begin PBXNativeTarget section */
		DC8D95D72963A20C0000B049 /* SampleAppDemo */ = {
			isa = PBXNativeTarget;
			buildConfigurationList = DC8D96052963A20D0000B049 /* Build configuration list for PBXNativeTarget "SampleAppDemo" */;
			buildPhases = (
				3BB32379EA5B40E7BD3EC9ED /* [CP] Check Pods Manifest.lock */,
				DC8D95D42963A20C0000B049 /* Sources */,
				DC8D95D52963A20C0000B049 /* Frameworks */,
				DC8D95D62963A20C0000B049 /* Resources */,
				36E4D0505D69EAD07FB47487 /* [CP] Embed Pods Frameworks */,
			);
			buildRules = (
			);
			dependencies = (
			);
			name = SampleAppDemo;
			productName = SampleAppDemo;
			productReference = DC8D95D82963A20C0000B049 /* SampleAppDemo.app */;
			productType = "com.apple.product-type.application";
		};
		DC8D95F02963A20D0000B049 /* SampleAppDemoTests */ = {
			isa = PBXNativeTarget;
			buildConfigurationList = DC8D96082963A20D0000B049 /* Build configuration list for PBXNativeTarget "SampleAppDemoTests" */;
			buildPhases = (
				B63610D1662F2CF15A87AA68 /* [CP] Check Pods Manifest.lock */,
				DC8D95ED2963A20D0000B049 /* Sources */,
				DC8D95EE2963A20D0000B049 /* Frameworks */,
				DC8D95EF2963A20D0000B049 /* Resources */,
			);
			buildRules = (
			);
			dependencies = (
				DC8D95F32963A20D0000B049 /* PBXTargetDependency */,
			);
			name = SampleAppDemoTests;
			productName = SampleAppDemoTests;
			productReference = DC8D95F12963A20D0000B049 /* SampleAppDemoTests.xctest */;
			productType = "com.apple.product-type.bundle.unit-test";
		};
		DC8D95FA2963A20D0000B049 /* SampleAppDemoUITests */ = {
			isa = PBXNativeTarget;
			buildConfigurationList = DC8D960B2963A20D0000B049 /* Build configuration list for PBXNativeTarget "SampleAppDemoUITests" */;
			buildPhases = (
				D2AA16356E291ECBF9A15EF5 /* [CP] Check Pods Manifest.lock */,
				DC8D95F72963A20D0000B049 /* Sources */,
				DC8D95F82963A20D0000B049 /* Frameworks */,
				DC8D95F92963A20D0000B049 /* Resources */,
				5A59269BBD6722CB95CFAC65 /* [CP] Embed Pods Frameworks */,
			);
			buildRules = (
			);
			dependencies = (
				DC8D95FD2963A20D0000B049 /* PBXTargetDependency */,
			);
			name = SampleAppDemoUITests;
			productName = SampleAppDemoUITests;
			productReference = DC8D95FB2963A20D0000B049 /* SampleAppDemoUITests.xctest */;
			productType = "com.apple.product-type.bundle.ui-testing";
		};
/* End PBXNativeTarget section */

/* Begin PBXProject section */
		DC8D95D02963A20C0000B049 /* Project object */ = {
			isa = PBXProject;
			attributes = {
				BuildIndependentTargetsInParallel = 1;
				LastSwiftUpdateCheck = 1400;
				LastUpgradeCheck = 1400;
				TargetAttributes = {
					DC8D95D72963A20C0000B049 = {
						CreatedOnToolsVersion = 14.0.1;
					};
					DC8D95F02963A20D0000B049 = {
						CreatedOnToolsVersion = 14.0.1;
						TestTargetID = DC8D95D72963A20C0000B049;
					};
					DC8D95FA2963A20D0000B049 = {
						CreatedOnToolsVersion = 14.0.1;
						TestTargetID = DC8D95D72963A20C0000B049;
					};
				};
			};
			buildConfigurationList = DC8D95D32963A20C0000B049 /* Build configuration list for PBXProject "SampleAppDemo" */;
			compatibilityVersion = "Xcode 13.0";
			developmentRegion = en;
			hasScannedForEncodings = 0;
			knownRegions = (
				en,
				Base,
			);
			mainGroup = DC8D95CF2963A20C0000B049;
			productRefGroup = DC8D95D92963A20C0000B049 /* Products */;
			projectDirPath = "";
			projectRoot = "";
			targets = (
				DC8D95D72963A20C0000B049 /* SampleAppDemo */,
				DC8D95F02963A20D0000B049 /* SampleAppDemoTests */,
				DC8D95FA2963A20D0000B049 /* SampleAppDemoUITests */,
			);
		};
/* End PBXProject section */

/* Begin PBXResourcesBuildPhase section */
		DC8D95D62963A20C0000B049 /* Resources */ = {
			isa = PBXResourcesBuildPhase;
			buildActionMask = 2147483647;
			files = (
				DC8D95EB2963A20C0000B049 /* LaunchScreen.storyboard in Resources */,
				DC8D95E82963A20C0000B049 /* Assets.xcassets in Resources */,
				DCC498AB2963EA6A00040838 /* HomeTableViewCell.xib in Resources */,
				DC8D95E32963A20C0000B049 /* Main.storyboard in Resources */,
				DC1A1F9D2964F9D7007FDFCE /* CommentsTableViewCell.xib in Resources */,
			);
			runOnlyForDeploymentPostprocessing = 0;
		};
		DC8D95EF2963A20D0000B049 /* Resources */ = {
			isa = PBXResourcesBuildPhase;
			buildActionMask = 2147483647;
			files = (
			);
			runOnlyForDeploymentPostprocessing = 0;
		};
		DC8D95F92963A20D0000B049 /* Resources */ = {
			isa = PBXResourcesBuildPhase;
			buildActionMask = 2147483647;
			files = (
			);
			runOnlyForDeploymentPostprocessing = 0;
		};
/* End PBXResourcesBuildPhase section */

/* Begin PBXShellScriptBuildPhase section */
		36E4D0505D69EAD07FB47487 /* [CP] Embed Pods Frameworks */ = {
			isa = PBXShellScriptBuildPhase;
			buildActionMask = 2147483647;
			files = (
			);
			inputFileListPaths = (
				"${PODS_ROOT}/Target Support Files/Pods-SampleAppDemo/Pods-SampleAppDemo-frameworks-${CONFIGURATION}-input-files.xcfilelist",
			);
			name = "[CP] Embed Pods Frameworks";
			outputFileListPaths = (
				"${PODS_ROOT}/Target Support Files/Pods-SampleAppDemo/Pods-SampleAppDemo-frameworks-${CONFIGURATION}-output-files.xcfilelist",
			);
			runOnlyForDeploymentPostprocessing = 0;
			shellPath = /bin/sh;
			shellScript = "\"${PODS_ROOT}/Target Support Files/Pods-SampleAppDemo/Pods-SampleAppDemo-frameworks.sh\"\n";
			showEnvVarsInLog = 0;
		};
		3BB32379EA5B40E7BD3EC9ED /* [CP] Check Pods Manifest.lock */ = {
			isa = PBXShellScriptBuildPhase;
			buildActionMask = 2147483647;
			files = (
			);
			inputFileListPaths = (
			);
			inputPaths = (
				"${PODS_PODFILE_DIR_PATH}/Podfile.lock",
				"${PODS_ROOT}/Manifest.lock",
			);
			name = "[CP] Check Pods Manifest.lock";
			outputFileListPaths = (
			);
			outputPaths = (
				"$(DERIVED_FILE_DIR)/Pods-SampleAppDemo-checkManifestLockResult.txt",
			);
			runOnlyForDeploymentPostprocessing = 0;
			shellPath = /bin/sh;
			shellScript = "diff \"${PODS_PODFILE_DIR_PATH}/Podfile.lock\" \"${PODS_ROOT}/Manifest.lock\" > /dev/null\nif [ $? != 0 ] ; then\n    # print error to STDERR\n    echo \"error: The sandbox is not in sync with the Podfile.lock. Run 'pod install' or update your CocoaPods installation.\" >&2\n    exit 1\nfi\n# This output is used by Xcode 'outputs' to avoid re-running this script phase.\necho \"SUCCESS\" > \"${SCRIPT_OUTPUT_FILE_0}\"\n";
			showEnvVarsInLog = 0;
		};
		5A59269BBD6722CB95CFAC65 /* [CP] Embed Pods Frameworks */ = {
			isa = PBXShellScriptBuildPhase;
			buildActionMask = 2147483647;
			files = (
			);
			inputFileListPaths = (
				"${PODS_ROOT}/Target Support Files/Pods-SampleAppDemo-SampleAppDemoUITests/Pods-SampleAppDemo-SampleAppDemoUITests-frameworks-${CONFIGURATION}-input-files.xcfilelist",
			);
			name = "[CP] Embed Pods Frameworks";
			outputFileListPaths = (
				"${PODS_ROOT}/Target Support Files/Pods-SampleAppDemo-SampleAppDemoUITests/Pods-SampleAppDemo-SampleAppDemoUITests-frameworks-${CONFIGURATION}-output-files.xcfilelist",
			);
			runOnlyForDeploymentPostprocessing = 0;
			shellPath = /bin/sh;
			shellScript = "\"${PODS_ROOT}/Target Support Files/Pods-SampleAppDemo-SampleAppDemoUITests/Pods-SampleAppDemo-SampleAppDemoUITests-frameworks.sh\"\n";
			showEnvVarsInLog = 0;
		};
		B63610D1662F2CF15A87AA68 /* [CP] Check Pods Manifest.lock */ = {
			isa = PBXShellScriptBuildPhase;
			buildActionMask = 2147483647;
			files = (
			);
			inputFileListPaths = (
			);
			inputPaths = (
				"${PODS_PODFILE_DIR_PATH}/Podfile.lock",
				"${PODS_ROOT}/Manifest.lock",
			);
			name = "[CP] Check Pods Manifest.lock";
			outputFileListPaths = (
			);
			outputPaths = (
				"$(DERIVED_FILE_DIR)/Pods-SampleAppDemoTests-checkManifestLockResult.txt",
			);
			runOnlyForDeploymentPostprocessing = 0;
			shellPath = /bin/sh;
			shellScript = "diff \"${PODS_PODFILE_DIR_PATH}/Podfile.lock\" \"${PODS_ROOT}/Manifest.lock\" > /dev/null\nif [ $? != 0 ] ; then\n    # print error to STDERR\n    echo \"error: The sandbox is not in sync with the Podfile.lock. Run 'pod install' or update your CocoaPods installation.\" >&2\n    exit 1\nfi\n# This output is used by Xcode 'outputs' to avoid re-running this script phase.\necho \"SUCCESS\" > \"${SCRIPT_OUTPUT_FILE_0}\"\n";
			showEnvVarsInLog = 0;
		};
		D2AA16356E291ECBF9A15EF5 /* [CP] Check Pods Manifest.lock */ = {
			isa = PBXShellScriptBuildPhase;
			buildActionMask = 2147483647;
			files = (
			);
			inputFileListPaths = (
			);
			inputPaths = (
				"${PODS_PODFILE_DIR_PATH}/Podfile.lock",
				"${PODS_ROOT}/Manifest.lock",
			);
			name = "[CP] Check Pods Manifest.lock";
			outputFileListPaths = (
			);
			outputPaths = (
				"$(DERIVED_FILE_DIR)/Pods-SampleAppDemo-SampleAppDemoUITests-checkManifestLockResult.txt",
			);
			runOnlyForDeploymentPostprocessing = 0;
			shellPath = /bin/sh;
			shellScript = "diff \"${PODS_PODFILE_DIR_PATH}/Podfile.lock\" \"${PODS_ROOT}/Manifest.lock\" > /dev/null\nif [ $? != 0 ] ; then\n    # print error to STDERR\n    echo \"error: The sandbox is not in sync with the Podfile.lock. Run 'pod install' or update your CocoaPods installation.\" >&2\n    exit 1\nfi\n# This output is used by Xcode 'outputs' to avoid re-running this script phase.\necho \"SUCCESS\" > \"${SCRIPT_OUTPUT_FILE_0}\"\n";
			showEnvVarsInLog = 0;
		};
/* End PBXShellScriptBuildPhase section */

/* Begin PBXSourcesBuildPhase section */
		DC8D95D42963A20C0000B049 /* Sources */ = {
			isa = PBXSourcesBuildPhase;
			buildActionMask = 2147483647;
			files = (
				DCC498A72963E52100040838 /* Observable.swift in Sources */,
				DCC4988F2963A64600040838 /* HomeViewController.swift in Sources */,
				DCC498AA2963EA6A00040838 /* HomeTableViewCell.swift in Sources */,
				DCC498912963A65400040838 /* HomeViewModel.swift in Sources */,
				DC1A1F962964DA3C007FDFCE /* User.swift in Sources */,
				DC1A1F982964F3B9007FDFCE /* Comment.swift in Sources */,
				DCC498962963A67700040838 /* DetailsViewModel.swift in Sources */,
				DC1A1F9C2964F9D7007FDFCE /* CommentsTableViewCell.swift in Sources */,
				DCC498A32963B23200040838 /* Post.swift in Sources */,
				DC8D95DC2963A20C0000B049 /* AppDelegate.swift in Sources */,
				DCC4989F2963AEEB00040838 /* Mapper.swift in Sources */,
				DCC498942963A66C00040838 /* DetailsViewController.swift in Sources */,
				DCC4989D2963AC7800040838 /* Constants.swift in Sources */,
				DCC498AD2963EB1F00040838 /* Extensions.swift in Sources */,
				DC8D95E62963A20C0000B049 /* SampleAppDemo.xcdatamodeld in Sources */,
				DCC498992963AB8B00040838 /* API.swift in Sources */,
				DCC4989B2963AB9A00040838 /* APIService.swift in Sources */,
				DC8D95DE2963A20C0000B049 /* SceneDelegate.swift in Sources */,
			);
			runOnlyForDeploymentPostprocessing = 0;
		};
		DC8D95ED2963A20D0000B049 /* Sources */ = {
			isa = PBXSourcesBuildPhase;
			buildActionMask = 2147483647;
			files = (
				DC8D95F62963A20D0000B049 /* SampleAppDemoTests.swift in Sources */,
			);
			runOnlyForDeploymentPostprocessing = 0;
		};
		DC8D95F72963A20D0000B049 /* Sources */ = {
			isa = PBXSourcesBuildPhase;
			buildActionMask = 2147483647;
			files = (
				DC8D96002963A20D0000B049 /* SampleAppDemoUITests.swift in Sources */,
				DC8D96022963A20D0000B049 /* SampleAppDemoUITestsLaunchTests.swift in Sources */,
			);
			runOnlyForDeploymentPostprocessing = 0;
		};
/* End PBXSourcesBuildPhase section */

/* Begin PBXTargetDependency section */
		DC8D95F32963A20D0000B049 /* PBXTargetDependency */ = {
			isa = PBXTargetDependency;
			target = DC8D95D72963A20C0000B049 /* SampleAppDemo */;
			targetProxy = DC8D95F22963A20D0000B049 /* PBXContainerItemProxy */;
		};
		DC8D95FD2963A20D0000B049 /* PBXTargetDependency */ = {
			isa = PBXTargetDependency;
			target = DC8D95D72963A20C0000B049 /* SampleAppDemo */;
			targetProxy = DC8D95FC2963A20D0000B049 /* PBXContainerItemProxy */;
		};
/* End PBXTargetDependency section */

/* Begin PBXVariantGroup section */
		DC8D95E12963A20C0000B049 /* Main.storyboard */ = {
			isa = PBXVariantGroup;
			children = (
				DC8D95E22963A20C0000B049 /* Base */,
			);
			name = Main.storyboard;
			sourceTree = "<group>";
		};
		DC8D95E92963A20C0000B049 /* LaunchScreen.storyboard */ = {
			isa = PBXVariantGroup;
			children = (
				DC8D95EA2963A20C0000B049 /* Base */,
			);
			name = LaunchScreen.storyboard;
			sourceTree = "<group>";
		};
/* End PBXVariantGroup section */

/* Begin XCBuildConfiguration section */
		DC8D96032963A20D0000B049 /* Debug */ = {
			isa = XCBuildConfiguration;
			buildSettings = {
				ALWAYS_SEARCH_USER_PATHS = NO;
				CLANG_ANALYZER_NONNULL = YES;
				CLANG_ANALYZER_NUMBER_OBJECT_CONVERSION = YES_AGGRESSIVE;
				CLANG_CXX_LANGUAGE_STANDARD = "gnu++20";
				CLANG_ENABLE_MODULES = YES;
				CLANG_ENABLE_OBJC_ARC = YES;
				CLANG_ENABLE_OBJC_WEAK = YES;
				CLANG_WARN_BLOCK_CAPTURE_AUTORELEASING = YES;
				CLANG_WARN_BOOL_CONVERSION = YES;
				CLANG_WARN_COMMA = YES;
				CLANG_WARN_CONSTANT_CONVERSION = YES;
				CLANG_WARN_DEPRECATED_OBJC_IMPLEMENTATIONS = YES;
				CLANG_WARN_DIRECT_OBJC_ISA_USAGE = YES_ERROR;
				CLANG_WARN_DOCUMENTATION_COMMENTS = YES;
				CLANG_WARN_EMPTY_BODY = YES;
				CLANG_WARN_ENUM_CONVERSION = YES;
				CLANG_WARN_INFINITE_RECURSION = YES;
				CLANG_WARN_INT_CONVERSION = YES;
				CLANG_WARN_NON_LITERAL_NULL_CONVERSION = YES;
				CLANG_WARN_OBJC_IMPLICIT_RETAIN_SELF = YES;
				CLANG_WARN_OBJC_LITERAL_CONVERSION = YES;
				CLANG_WARN_OBJC_ROOT_CLASS = YES_ERROR;
				CLANG_WARN_QUOTED_INCLUDE_IN_FRAMEWORK_HEADER = YES;
				CLANG_WARN_RANGE_LOOP_ANALYSIS = YES;
				CLANG_WARN_STRICT_PROTOTYPES = YES;
				CLANG_WARN_SUSPICIOUS_MOVE = YES;
				CLANG_WARN_UNGUARDED_AVAILABILITY = YES_AGGRESSIVE;
				CLANG_WARN_UNREACHABLE_CODE = YES;
				CLANG_WARN__DUPLICATE_METHOD_MATCH = YES;
				COPY_PHASE_STRIP = NO;
				DEBUG_INFORMATION_FORMAT = dwarf;
				ENABLE_STRICT_OBJC_MSGSEND = YES;
				ENABLE_TESTABILITY = YES;
				GCC_C_LANGUAGE_STANDARD = gnu11;
				GCC_DYNAMIC_NO_PIC = NO;
				GCC_NO_COMMON_BLOCKS = YES;
				GCC_OPTIMIZATION_LEVEL = 0;
				GCC_PREPROCESSOR_DEFINITIONS = (
					"DEBUG=1",
					"$(inherited)",
				);
				GCC_WARN_64_TO_32_BIT_CONVERSION = YES;
				GCC_WARN_ABOUT_RETURN_TYPE = YES_ERROR;
				GCC_WARN_UNDECLARED_SELECTOR = YES;
				GCC_WARN_UNINITIALIZED_AUTOS = YES_AGGRESSIVE;
				GCC_WARN_UNUSED_FUNCTION = YES;
				GCC_WARN_UNUSED_VARIABLE = YES;
				IPHONEOS_DEPLOYMENT_TARGET = 16.0;
				MTL_ENABLE_DEBUG_INFO = INCLUDE_SOURCE;
				MTL_FAST_MATH = YES;
				ONLY_ACTIVE_ARCH = YES;
				SDKROOT = iphoneos;
				SWIFT_ACTIVE_COMPILATION_CONDITIONS = DEBUG;
				SWIFT_OPTIMIZATION_LEVEL = "-Onone";
			};
			name = Debug;
		};
		DC8D96042963A20D0000B049 /* Release */ = {
			isa = XCBuildConfiguration;
			buildSettings = {
				ALWAYS_SEARCH_USER_PATHS = NO;
				CLANG_ANALYZER_NONNULL = YES;
				CLANG_ANALYZER_NUMBER_OBJECT_CONVERSION = YES_AGGRESSIVE;
				CLANG_CXX_LANGUAGE_STANDARD = "gnu++20";
				CLANG_ENABLE_MODULES = YES;
				CLANG_ENABLE_OBJC_ARC = YES;
				CLANG_ENABLE_OBJC_WEAK = YES;
				CLANG_WARN_BLOCK_CAPTURE_AUTORELEASING = YES;
				CLANG_WARN_BOOL_CONVERSION = YES;
				CLANG_WARN_COMMA = YES;
				CLANG_WARN_CONSTANT_CONVERSION = YES;
				CLANG_WARN_DEPRECATED_OBJC_IMPLEMENTATIONS = YES;
				CLANG_WARN_DIRECT_OBJC_ISA_USAGE = YES_ERROR;
				CLANG_WARN_DOCUMENTATION_COMMENTS = YES;
				CLANG_WARN_EMPTY_BODY = YES;
				CLANG_WARN_ENUM_CONVERSION = YES;
				CLANG_WARN_INFINITE_RECURSION = YES;
				CLANG_WARN_INT_CONVERSION = YES;
				CLANG_WARN_NON_LITERAL_NULL_CONVERSION = YES;
				CLANG_WARN_OBJC_IMPLICIT_RETAIN_SELF = YES;
				CLANG_WARN_OBJC_LITERAL_CONVERSION = YES;
				CLANG_WARN_OBJC_ROOT_CLASS = YES_ERROR;
				CLANG_WARN_QUOTED_INCLUDE_IN_FRAMEWORK_HEADER = YES;
				CLANG_WARN_RANGE_LOOP_ANALYSIS = YES;
				CLANG_WARN_STRICT_PROTOTYPES = YES;
				CLANG_WARN_SUSPICIOUS_MOVE = YES;
				CLANG_WARN_UNGUARDED_AVAILABILITY = YES_AGGRESSIVE;
				CLANG_WARN_UNREACHABLE_CODE = YES;
				CLANG_WARN__DUPLICATE_METHOD_MATCH = YES;
				COPY_PHASE_STRIP = NO;
				DEBUG_INFORMATION_FORMAT = "dwarf-with-dsym";
				ENABLE_NS_ASSERTIONS = NO;
				ENABLE_STRICT_OBJC_MSGSEND = YES;
				GCC_C_LANGUAGE_STANDARD = gnu11;
				GCC_NO_COMMON_BLOCKS = YES;
				GCC_WARN_64_TO_32_BIT_CONVERSION = YES;
				GCC_WARN_ABOUT_RETURN_TYPE = YES_ERROR;
				GCC_WARN_UNDECLARED_SELECTOR = YES;
				GCC_WARN_UNINITIALIZED_AUTOS = YES_AGGRESSIVE;
				GCC_WARN_UNUSED_FUNCTION = YES;
				GCC_WARN_UNUSED_VARIABLE = YES;
				IPHONEOS_DEPLOYMENT_TARGET = 16.0;
				MTL_ENABLE_DEBUG_INFO = NO;
				MTL_FAST_MATH = YES;
				SDKROOT = iphoneos;
				SWIFT_COMPILATION_MODE = wholemodule;
				SWIFT_OPTIMIZATION_LEVEL = "-O";
				VALIDATE_PRODUCT = YES;
			};
			name = Release;
		};
		DC8D96062963A20D0000B049 /* Debug */ = {
			isa = XCBuildConfiguration;
			baseConfigurationReference = C8A8452D39BC870DE93496E1 /* Pods-SampleAppDemo.debug.xcconfig */;
			buildSettings = {
				ASSETCATALOG_COMPILER_APPICON_NAME = AppIcon;
				ASSETCATALOG_COMPILER_GLOBAL_ACCENT_COLOR_NAME = AccentColor;
				CODE_SIGN_STYLE = Automatic;
				CURRENT_PROJECT_VERSION = 1;
				DEVELOPMENT_TEAM = 5M3GY96JCY;
				GENERATE_INFOPLIST_FILE = YES;
				INFOPLIST_FILE = SampleAppDemo/Info.plist;
				INFOPLIST_KEY_UIApplicationSupportsIndirectInputEvents = YES;
				INFOPLIST_KEY_UILaunchStoryboardName = LaunchScreen;
				INFOPLIST_KEY_UIMainStoryboardFile = Main;
				INFOPLIST_KEY_UISupportedInterfaceOrientations = UIInterfaceOrientationPortrait;
				INFOPLIST_KEY_UISupportedInterfaceOrientations_iPad = "UIInterfaceOrientationLandscapeLeft UIInterfaceOrientationLandscapeRight UIInterfaceOrientationPortrait UIInterfaceOrientationPortraitUpsideDown";
				LD_RUNPATH_SEARCH_PATHS = (
					"$(inherited)",
					"@executable_path/Frameworks",
				);
				MARKETING_VERSION = 1.0;
				PRODUCT_BUNDLE_IDENTIFIER = com.mario.acero.SampleAppDemo;
				PRODUCT_NAME = "$(TARGET_NAME)";
				SUPPORTED_PLATFORMS = "iphoneos iphonesimulator";
				SUPPORTS_MACCATALYST = NO;
				SUPPORTS_MAC_DESIGNED_FOR_IPHONE_IPAD = YES;
				SWIFT_EMIT_LOC_STRINGS = YES;
				SWIFT_VERSION = 5.0;
				TARGETED_DEVICE_FAMILY = 1;
			};
			name = Debug;
		};
		DC8D96072963A20D0000B049 /* Release */ = {
			isa = XCBuildConfiguration;
			baseConfigurationReference = FAC227316557238893A5933B /* Pods-SampleAppDemo.release.xcconfig */;
			buildSettings = {
				ASSETCATALOG_COMPILER_APPICON_NAME = AppIcon;
				ASSETCATALOG_COMPILER_GLOBAL_ACCENT_COLOR_NAME = AccentColor;
				CODE_SIGN_STYLE = Automatic;
				CURRENT_PROJECT_VERSION = 1;
				DEVELOPMENT_TEAM = 5M3GY96JCY;
				GENERATE_INFOPLIST_FILE = YES;
				INFOPLIST_FILE = SampleAppDemo/Info.plist;
				INFOPLIST_KEY_UIApplicationSupportsIndirectInputEvents = YES;
				INFOPLIST_KEY_UILaunchStoryboardName = LaunchScreen;
				INFOPLIST_KEY_UIMainStoryboardFile = Main;
				INFOPLIST_KEY_UISupportedInterfaceOrientations = UIInterfaceOrientationPortrait;
				INFOPLIST_KEY_UISupportedInterfaceOrientations_iPad = "UIInterfaceOrientationLandscapeLeft UIInterfaceOrientationLandscapeRight UIInterfaceOrientationPortrait UIInterfaceOrientationPortraitUpsideDown";
				LD_RUNPATH_SEARCH_PATHS = (
					"$(inherited)",
					"@executable_path/Frameworks",
				);
				MARKETING_VERSION = 1.0;
				PRODUCT_BUNDLE_IDENTIFIER = com.mario.acero.SampleAppDemo;
				PRODUCT_NAME = "$(TARGET_NAME)";
				SUPPORTED_PLATFORMS = "iphoneos iphonesimulator";
				SUPPORTS_MACCATALYST = NO;
				SUPPORTS_MAC_DESIGNED_FOR_IPHONE_IPAD = YES;
				SWIFT_EMIT_LOC_STRINGS = YES;
				SWIFT_VERSION = 5.0;
				TARGETED_DEVICE_FAMILY = 1;
			};
			name = Release;
		};
		DC8D96092963A20D0000B049 /* Debug */ = {
			isa = XCBuildConfiguration;
			baseConfigurationReference = 457C77792A7ECEF26C9D4319 /* Pods-SampleAppDemoTests.debug.xcconfig */;
			buildSettings = {
				ALWAYS_EMBED_SWIFT_STANDARD_LIBRARIES = YES;
				BUNDLE_LOADER = "$(TEST_HOST)";
				CODE_SIGN_STYLE = Automatic;
				CURRENT_PROJECT_VERSION = 1;
				DEVELOPMENT_TEAM = 5M3GY96JCY;
				GENERATE_INFOPLIST_FILE = YES;
				IPHONEOS_DEPLOYMENT_TARGET = 16.0;
				MARKETING_VERSION = 1.0;
				PRODUCT_BUNDLE_IDENTIFIER = com.mario.acero.SampleAppDemoTests;
				PRODUCT_NAME = "$(TARGET_NAME)";
				SWIFT_EMIT_LOC_STRINGS = NO;
				SWIFT_VERSION = 5.0;
				TARGETED_DEVICE_FAMILY = "1,2";
				TEST_HOST = "$(BUILT_PRODUCTS_DIR)/SampleAppDemo.app/$(BUNDLE_EXECUTABLE_FOLDER_PATH)/SampleAppDemo";
			};
			name = Debug;
		};
		DC8D960A2963A20D0000B049 /* Release */ = {
			isa = XCBuildConfiguration;
			baseConfigurationReference = 214B3A35A9EC6EDDF6A9A0F9 /* Pods-SampleAppDemoTests.release.xcconfig */;
			buildSettings = {
				ALWAYS_EMBED_SWIFT_STANDARD_LIBRARIES = YES;
				BUNDLE_LOADER = "$(TEST_HOST)";
				CODE_SIGN_STYLE = Automatic;
				CURRENT_PROJECT_VERSION = 1;
				DEVELOPMENT_TEAM = 5M3GY96JCY;
				GENERATE_INFOPLIST_FILE = YES;
				IPHONEOS_DEPLOYMENT_TARGET = 16.0;
				MARKETING_VERSION = 1.0;
				PRODUCT_BUNDLE_IDENTIFIER = com.mario.acero.SampleAppDemoTests;
				PRODUCT_NAME = "$(TARGET_NAME)";
				SWIFT_EMIT_LOC_STRINGS = NO;
				SWIFT_VERSION = 5.0;
				TARGETED_DEVICE_FAMILY = "1,2";
				TEST_HOST = "$(BUILT_PRODUCTS_DIR)/SampleAppDemo.app/$(BUNDLE_EXECUTABLE_FOLDER_PATH)/SampleAppDemo";
			};
			name = Release;
		};
		DC8D960C2963A20D0000B049 /* Debug */ = {
			isa = XCBuildConfiguration;
			baseConfigurationReference = B1F837E3B3ABCF551942FAB3 /* Pods-SampleAppDemo-SampleAppDemoUITests.debug.xcconfig */;
			buildSettings = {
				ALWAYS_EMBED_SWIFT_STANDARD_LIBRARIES = YES;
				CODE_SIGN_STYLE = Automatic;
				CURRENT_PROJECT_VERSION = 1;
				DEVELOPMENT_TEAM = 5M3GY96JCY;
				GENERATE_INFOPLIST_FILE = YES;
				MARKETING_VERSION = 1.0;
				PRODUCT_BUNDLE_IDENTIFIER = com.mario.acero.SampleAppDemoUITests;
				PRODUCT_NAME = "$(TARGET_NAME)";
				SWIFT_EMIT_LOC_STRINGS = NO;
				SWIFT_VERSION = 5.0;
				TARGETED_DEVICE_FAMILY = "1,2";
				TEST_TARGET_NAME = SampleAppDemo;
			};
			name = Debug;
		};
		DC8D960D2963A20D0000B049 /* Release */ = {
			isa = XCBuildConfiguration;
			baseConfigurationReference = 22EEDA8382AC73AC2C04FA42 /* Pods-SampleAppDemo-SampleAppDemoUITests.release.xcconfig */;
			buildSettings = {
				ALWAYS_EMBED_SWIFT_STANDARD_LIBRARIES = YES;
				CODE_SIGN_STYLE = Automatic;
				CURRENT_PROJECT_VERSION = 1;
				DEVELOPMENT_TEAM = 5M3GY96JCY;
				GENERATE_INFOPLIST_FILE = YES;
				MARKETING_VERSION = 1.0;
				PRODUCT_BUNDLE_IDENTIFIER = com.mario.acero.SampleAppDemoUITests;
				PRODUCT_NAME = "$(TARGET_NAME)";
				SWIFT_EMIT_LOC_STRINGS = NO;
				SWIFT_VERSION = 5.0;
				TARGETED_DEVICE_FAMILY = "1,2";
				TEST_TARGET_NAME = SampleAppDemo;
			};
			name = Release;
		};
/* End XCBuildConfiguration section */

/* Begin XCConfigurationList section */
		DC8D95D32963A20C0000B049 /* Build configuration list for PBXProject "SampleAppDemo" */ = {
			isa = XCConfigurationList;
			buildConfigurations = (
				DC8D96032963A20D0000B049 /* Debug */,
				DC8D96042963A20D0000B049 /* Release */,
			);
			defaultConfigurationIsVisible = 0;
			defaultConfigurationName = Release;
		};
		DC8D96052963A20D0000B049 /* Build configuration list for PBXNativeTarget "SampleAppDemo" */ = {
			isa = XCConfigurationList;
			buildConfigurations = (
				DC8D96062963A20D0000B049 /* Debug */,
				DC8D96072963A20D0000B049 /* Release */,
			);
			defaultConfigurationIsVisible = 0;
			defaultConfigurationName = Release;
		};
		DC8D96082963A20D0000B049 /* Build configuration list for PBXNativeTarget "SampleAppDemoTests" */ = {
			isa = XCConfigurationList;
			buildConfigurations = (
				DC8D96092963A20D0000B049 /* Debug */,
				DC8D960A2963A20D0000B049 /* Release */,
			);
			defaultConfigurationIsVisible = 0;
			defaultConfigurationName = Release;
		};
		DC8D960B2963A20D0000B049 /* Build configuration list for PBXNativeTarget "SampleAppDemoUITests" */ = {
			isa = XCConfigurationList;
			buildConfigurations = (
				DC8D960C2963A20D0000B049 /* Debug */,
				DC8D960D2963A20D0000B049 /* Release */,
			);
			defaultConfigurationIsVisible = 0;
			defaultConfigurationName = Release;
		};
/* End XCConfigurationList section */

/* Begin XCVersionGroup section */
		DC8D95E42963A20C0000B049 /* SampleAppDemo.xcdatamodeld */ = {
			isa = XCVersionGroup;
			children = (
				DC8D95E52963A20C0000B049 /* SampleAppDemo.xcdatamodel */,
			);
			currentVersion = DC8D95E52963A20C0000B049 /* SampleAppDemo.xcdatamodel */;
			path = SampleAppDemo.xcdatamodeld;
			sourceTree = "<group>";
			versionGroupType = wrapper.xcdatamodel;
		};
/* End XCVersionGroup section */
	};
	rootObject = DC8D95D02963A20C0000B049 /* Project object */;
}
